
Microsoft Visual Studio Solution File, Format Version 12.00
# Visual Studio Version 17
VisualStudioVersion = 17.10.35013.160
MinimumVisualStudioVersion = 10.0.40219.1
Project("{FAE04EC0-301F-11D3-BF4B-00C04F79EFBC}") = "MVCLifecycle", "MVCLifecycle\MVCLifecycle.csproj", "{4D20C59B-AD3C-42C3-BD00-E32C9AADAE36}"
EndProject
Project("{00D1A9C2-B5F0-4AF3-8072-F6C62B433612}") = "UserDatabase", "UserDatabase\UserDatabase.sqlproj", "{36301933-BD5F-4805-8D07-D6F69911B65F}"
EndProject
Global
	GlobalSection(SolutionConfigurationPlatforms) = preSolution
		Debug|Any CPU = Debug|Any CPU
		Release|Any CPU = Release|Any CPU
	EndGlobalSection
	GlobalSection(ProjectConfigurationPlatforms) = postSolution
		{4D20C59B-AD3C-42C3-BD00-E32C9AADAE36}.Debug|Any CPU.ActiveCfg = Debug|Any CPU
		{4D20C59B-AD3C-42C3-BD00-E32C9AADAE36}.Debug|Any CPU.Build.0 = Debug|Any CPU
		{4D20C59B-AD3C-42C3-BD00-E32C9AADAE36}.Release|Any CPU.ActiveCfg = Release|Any CPU
		{4D20C59B-AD3C-42C3-BD00-E32C9AADAE36}.Release|Any CPU.Build.0 = Release|Any CPU
		{36301933-BD5F-4805-8D07-D6F69911B65F}.Debug|Any CPU.ActiveCfg = Debug|Any CPU
		{36301933-BD5F-4805-8D07-D6F69911B65F}.Debug|Any CPU.Build.0 = Debug|Any CPU
		{36301933-BD5F-4805-8D07-D6F69911B65F}.Debug|Any CPU.Deploy.0 = Debug|Any CPU
		{36301933-BD5F-4805-8D07-D6F69911B65F}.Release|Any CPU.ActiveCfg = Release|Any CPU
		{36301933-BD5F-4805-8D07-D6F69911B65F}.Release|Any CPU.Build.0 = Release|Any CPU
		{36301933-BD5F-4805-8D07-D6F69911B65F}.Release|Any CPU.Deploy.0 = Release|Any CPU
	EndGlobalSection
	GlobalSection(SolutionProperties) = preSolution
		HideSolutionNode = FALSE
	EndGlobalSection
	GlobalSection(ExtensibilityGlobals) = postSolution
		SolutionGuid = {7B51640A-5DE6-4072-A439-75CA6939969E}
	EndGlobalSection
EndGlobal
